// !$*UTF8*$!
{
	archiveVersion = 1;
	classes = {
	};
	objectVersion = 46;
	objects = {

/* Begin PBXBuildFile section */
		F415A919B20BBA5934180897 /* Pods_Project.framework in Frameworks */ = {isa = PBXBuildFile; fileRef = AFE8F03ADFF76D1090304D3E /* Pods_Project.framework */; };
		FA0CB3531EF6AAF2004FD9B2 /* MapViewController.swift in Sources */ = {isa = PBXBuildFile; fileRef = FA0CB3521EF6AAF2004FD9B2 /* MapViewController.swift */; };
		FA0CB3551EF6B8F3004FD9B2 /* SearchResultController.swift in Sources */ = {isa = PBXBuildFile; fileRef = FA0CB3541EF6B8F3004FD9B2 /* SearchResultController.swift */; };
		FA2082BB1EF0256500EF514A /* Facebook.swift in Sources */ = {isa = PBXBuildFile; fileRef = FA2082BA1EF0256500EF514A /* Facebook.swift */; };
		FA2082CA1EF171A400EF514A /* JoiningUserItem.swift in Sources */ = {isa = PBXBuildFile; fileRef = FA2082C91EF171A400EF514A /* JoiningUserItem.swift */; };
		FA2082CE1EF2F63800EF514A /* PlaceItem.swift in Sources */ = {isa = PBXBuildFile; fileRef = FA2082CD1EF2F63800EF514A /* PlaceItem.swift */; };
		FA2082D21EF2FCD300EF514A /* UserItem.swift in Sources */ = {isa = PBXBuildFile; fileRef = FA2082D11EF2FCD300EF514A /* UserItem.swift */; };
		FA39B3281EE9F7760087058F /* TextView.swift in Sources */ = {isa = PBXBuildFile; fileRef = FA39B3271EE9F7760087058F /* TextView.swift */; };
		FA85FC9F1EE98DC700D2908D /* AddedByMeCell.swift in Sources */ = {isa = PBXBuildFile; fileRef = FA85FC9E1EE98DC700D2908D /* AddedByMeCell.swift */; };
		FA85FCA11EE98DFB00D2908D /* EventsIJoinCell.swift in Sources */ = {isa = PBXBuildFile; fileRef = FA85FCA01EE98DFB00D2908D /* EventsIJoinCell.swift */; };
		FA85FCA31EE990D300D2908D /* PlacesTableViewController.swift in Sources */ = {isa = PBXBuildFile; fileRef = FA85FCA21EE990D300D2908D /* PlacesTableViewController.swift */; };
		FA85FCA51EE9910900D2908D /* MyPlacesViewController.swift in Sources */ = {isa = PBXBuildFile; fileRef = FA85FCA41EE9910900D2908D /* MyPlacesViewController.swift */; };
		FA85FCA71EE9915B00D2908D /* PlacesCell.swift in Sources */ = {isa = PBXBuildFile; fileRef = FA85FCA61EE9915B00D2908D /* PlacesCell.swift */; };
		FA85FCA91EE991A800D2908D /* AddPlaceViewController.swift in Sources */ = {isa = PBXBuildFile; fileRef = FA85FCA81EE991A800D2908D /* AddPlaceViewController.swift */; };
		FA85FCAB1EE9930000D2908D /* CreatePlaceViewController.swift in Sources */ = {isa = PBXBuildFile; fileRef = FA85FCAA1EE9930000D2908D /* CreatePlaceViewController.swift */; };
		FA85FCAD1EE9D65100D2908D /* JoiningUsersCell.swift in Sources */ = {isa = PBXBuildFile; fileRef = FA85FCAC1EE9D65100D2908D /* JoiningUsersCell.swift */; };
		FA9002C91EE96DAB003984BB /* NavigationBar.swift in Sources */ = {isa = PBXBuildFile; fileRef = FA9002C81EE96DAB003984BB /* NavigationBar.swift */; };
		FAE2FF8B1EE6FCCC0030778D /* AppDelegate.swift in Sources */ = {isa = PBXBuildFile; fileRef = FAE2FF8A1EE6FCCC0030778D /* AppDelegate.swift */; };
		FAE2FF8D1EE6FCCC0030778D /* LogInViewController.swift in Sources */ = {isa = PBXBuildFile; fileRef = FAE2FF8C1EE6FCCC0030778D /* LogInViewController.swift */; };
		FAE2FF901EE6FCCC0030778D /* Main.storyboard in Resources */ = {isa = PBXBuildFile; fileRef = FAE2FF8E1EE6FCCC0030778D /* Main.storyboard */; };
		FAE2FF921EE6FCCC0030778D /* Assets.xcassets in Resources */ = {isa = PBXBuildFile; fileRef = FAE2FF911EE6FCCC0030778D /* Assets.xcassets */; };
		FAE2FF951EE6FCCC0030778D /* LaunchScreen.storyboard in Resources */ = {isa = PBXBuildFile; fileRef = FAE2FF931EE6FCCC0030778D /* LaunchScreen.storyboard */; };
		FAE2FF9F1EE94ED50030778D /* Button.swift in Sources */ = {isa = PBXBuildFile; fileRef = FAE2FF9E1EE94ED50030778D /* Button.swift */; };
		FAE2FFA21EE951240030778D /* Textfield.swift in Sources */ = {isa = PBXBuildFile; fileRef = FAE2FFA11EE951240030778D /* Textfield.swift */; };
		FAE3F7EC1EFAACC7004829AA /* GoogleService-Info.plist in Resources */ = {isa = PBXBuildFile; fileRef = FAE3F7EB1EFAACC7004829AA /* GoogleService-Info.plist */; };
/* End PBXBuildFile section */

/* Begin PBXFileReference section */
		05A5469B1CC76EE3073C9D07 /* Pods-Project.release.xcconfig */ = {isa = PBXFileReference; includeInIndex = 1; lastKnownFileType = text.xcconfig; name = "Pods-Project.release.xcconfig"; path = "Pods/Target Support Files/Pods-Project/Pods-Project.release.xcconfig"; sourceTree = "<group>"; };
		0B4EDE2FC7080490FD7E37CF /* Pods-Project.debug.xcconfig */ = {isa = PBXFileReference; includeInIndex = 1; lastKnownFileType = text.xcconfig; name = "Pods-Project.debug.xcconfig"; path = "Pods/Target Support Files/Pods-Project/Pods-Project.debug.xcconfig"; sourceTree = "<group>"; };
		AFE8F03ADFF76D1090304D3E /* Pods_Project.framework */ = {isa = PBXFileReference; explicitFileType = wrapper.framework; includeInIndex = 0; path = Pods_Project.framework; sourceTree = BUILT_PRODUCTS_DIR; };
		FA0CB3521EF6AAF2004FD9B2 /* MapViewController.swift */ = {isa = PBXFileReference; fileEncoding = 4; lastKnownFileType = sourcecode.swift; path = MapViewController.swift; sourceTree = "<group>"; };
		FA0CB3541EF6B8F3004FD9B2 /* SearchResultController.swift */ = {isa = PBXFileReference; fileEncoding = 4; lastKnownFileType = sourcecode.swift; name = SearchResultController.swift; path = ../SearchResultController.swift; sourceTree = "<group>"; };
		FA2082B91EF01C8000EF514A /* Project.entitlements */ = {isa = PBXFileReference; lastKnownFileType = text.plist.entitlements; path = Project.entitlements; sourceTree = "<group>"; };
		FA2082BA1EF0256500EF514A /* Facebook.swift */ = {isa = PBXFileReference; fileEncoding = 4; lastKnownFileType = sourcecode.swift; name = Facebook.swift; path = Classes/Facebook.swift; sourceTree = "<group>"; };
		FA2082C91EF171A400EF514A /* JoiningUserItem.swift */ = {isa = PBXFileReference; fileEncoding = 4; lastKnownFileType = sourcecode.swift; name = JoiningUserItem.swift; path = Classes/JoiningUserItem.swift; sourceTree = "<group>"; };
		FA2082CD1EF2F63800EF514A /* PlaceItem.swift */ = {isa = PBXFileReference; fileEncoding = 4; lastKnownFileType = sourcecode.swift; name = PlaceItem.swift; path = ../PlaceItem.swift; sourceTree = "<group>"; };
		FA2082D11EF2FCD300EF514A /* UserItem.swift */ = {isa = PBXFileReference; fileEncoding = 4; lastKnownFileType = sourcecode.swift; path = UserItem.swift; sourceTree = "<group>"; };
		FA39B3271EE9F7760087058F /* TextView.swift */ = {isa = PBXFileReference; fileEncoding = 4; lastKnownFileType = sourcecode.swift; name = TextView.swift; path = Classes/TextView.swift; sourceTree = "<group>"; };
		FA85FC9E1EE98DC700D2908D /* AddedByMeCell.swift */ = {isa = PBXFileReference; fileEncoding = 4; lastKnownFileType = sourcecode.swift; name = AddedByMeCell.swift; path = Classes/AddedByMeCell.swift; sourceTree = "<group>"; };
		FA85FCA01EE98DFB00D2908D /* EventsIJoinCell.swift */ = {isa = PBXFileReference; fileEncoding = 4; lastKnownFileType = sourcecode.swift; name = EventsIJoinCell.swift; path = Classes/EventsIJoinCell.swift; sourceTree = "<group>"; };
		FA85FCA21EE990D300D2908D /* PlacesTableViewController.swift */ = {isa = PBXFileReference; fileEncoding = 4; lastKnownFileType = sourcecode.swift; path = PlacesTableViewController.swift; sourceTree = "<group>"; };
		FA85FCA41EE9910900D2908D /* MyPlacesViewController.swift */ = {isa = PBXFileReference; fileEncoding = 4; lastKnownFileType = sourcecode.swift; path = MyPlacesViewController.swift; sourceTree = "<group>"; };
		FA85FCA61EE9915B00D2908D /* PlacesCell.swift */ = {isa = PBXFileReference; fileEncoding = 4; lastKnownFileType = sourcecode.swift; name = PlacesCell.swift; path = Classes/PlacesCell.swift; sourceTree = "<group>"; };
		FA85FCA81EE991A800D2908D /* AddPlaceViewController.swift */ = {isa = PBXFileReference; fileEncoding = 4; lastKnownFileType = sourcecode.swift; path = AddPlaceViewController.swift; sourceTree = "<group>"; };
		FA85FCAA1EE9930000D2908D /* CreatePlaceViewController.swift */ = {isa = PBXFileReference; fileEncoding = 4; lastKnownFileType = sourcecode.swift; name = CreatePlaceViewController.swift; path = ../CreatePlaceViewController.swift; sourceTree = "<group>"; };
		FA85FCAC1EE9D65100D2908D /* JoiningUsersCell.swift */ = {isa = PBXFileReference; fileEncoding = 4; lastKnownFileType = sourcecode.swift; name = JoiningUsersCell.swift; path = Classes/JoiningUsersCell.swift; sourceTree = "<group>"; };
		FA9002C81EE96DAB003984BB /* NavigationBar.swift */ = {isa = PBXFileReference; fileEncoding = 4; lastKnownFileType = sourcecode.swift; name = NavigationBar.swift; path = Classes/NavigationBar.swift; sourceTree = "<group>"; };
		FAE2FF871EE6FCCC0030778D /* Project.app */ = {isa = PBXFileReference; explicitFileType = wrapper.application; includeInIndex = 0; path = Project.app; sourceTree = BUILT_PRODUCTS_DIR; };
		FAE2FF8A1EE6FCCC0030778D /* AppDelegate.swift */ = {isa = PBXFileReference; lastKnownFileType = sourcecode.swift; path = AppDelegate.swift; sourceTree = "<group>"; };
		FAE2FF8C1EE6FCCC0030778D /* LogInViewController.swift */ = {isa = PBXFileReference; lastKnownFileType = sourcecode.swift; path = LogInViewController.swift; sourceTree = "<group>"; };
		FAE2FF8F1EE6FCCC0030778D /* Base */ = {isa = PBXFileReference; lastKnownFileType = file.storyboard; name = Base; path = Base.lproj/Main.storyboard; sourceTree = "<group>"; };
		FAE2FF911EE6FCCC0030778D /* Assets.xcassets */ = {isa = PBXFileReference; lastKnownFileType = folder.assetcatalog; path = Assets.xcassets; sourceTree = "<group>"; };
		FAE2FF941EE6FCCC0030778D /* Base */ = {isa = PBXFileReference; lastKnownFileType = file.storyboard; name = Base; path = Base.lproj/LaunchScreen.storyboard; sourceTree = "<group>"; };
		FAE2FF961EE6FCCC0030778D /* Info.plist */ = {isa = PBXFileReference; lastKnownFileType = text.plist.xml; path = Info.plist; sourceTree = "<group>"; };
		FAE2FF9E1EE94ED50030778D /* Button.swift */ = {isa = PBXFileReference; fileEncoding = 4; lastKnownFileType = sourcecode.swift; name = Button.swift; path = Classes/Button.swift; sourceTree = "<group>"; };
		FAE2FFA11EE951240030778D /* Textfield.swift */ = {isa = PBXFileReference; fileEncoding = 4; lastKnownFileType = sourcecode.swift; name = Textfield.swift; path = Classes/Textfield.swift; sourceTree = "<group>"; };
		FAE3F7EB1EFAACC7004829AA /* GoogleService-Info.plist */ = {isa = PBXFileReference; fileEncoding = 4; lastKnownFileType = text.plist.xml; path = "GoogleService-Info.plist"; sourceTree = "<group>"; };
/* End PBXFileReference section */

/* Begin PBXFrameworksBuildPhase section */
		FAE2FF841EE6FCCC0030778D /* Frameworks */ = {
			isa = PBXFrameworksBuildPhase;
			buildActionMask = 2147483647;
			files = (
				F415A919B20BBA5934180897 /* Pods_Project.framework in Frameworks */,
			);
			runOnlyForDeploymentPostprocessing = 0;
		};
/* End PBXFrameworksBuildPhase section */

/* Begin PBXGroup section */
		AB11C1E7275FF01B78B9AD2C /* Pods */ = {
			isa = PBXGroup;
			children = (
				0B4EDE2FC7080490FD7E37CF /* Pods-Project.debug.xcconfig */,
				05A5469B1CC76EE3073C9D07 /* Pods-Project.release.xcconfig */,
			);
			name = Pods;
			sourceTree = "<group>";
		};
		D03B0F2894ED83D61808E381 /* Frameworks */ = {
			isa = PBXGroup;
			children = (
				AFE8F03ADFF76D1090304D3E /* Pods_Project.framework */,
			);
			name = Frameworks;
			sourceTree = "<group>";
		};
		FA85FC9C1EE98D5900D2908D /* Interface */ = {
			isa = PBXGroup;
			children = (
				FAE2FF8E1EE6FCCC0030778D /* Main.storyboard */,
				FAE2FF931EE6FCCC0030778D /* LaunchScreen.storyboard */,
			);
			name = Interface;
			sourceTree = "<group>";
		};
		FA85FC9D1EE98D7700D2908D /* TableViewCell */ = {
			isa = PBXGroup;
			children = (
				FA85FC9E1EE98DC700D2908D /* AddedByMeCell.swift */,
				FA85FCA01EE98DFB00D2908D /* EventsIJoinCell.swift */,
				FA85FCA61EE9915B00D2908D /* PlacesCell.swift */,
				FA85FCAC1EE9D65100D2908D /* JoiningUsersCell.swift */,
			);
			name = TableViewCell;
			sourceTree = "<group>";
		};
		FAE2FF7E1EE6FCCC0030778D = {
			isa = PBXGroup;
			children = (
				FAE2FF891EE6FCCC0030778D /* Project */,
				FAE2FF881EE6FCCC0030778D /* Products */,
				AB11C1E7275FF01B78B9AD2C /* Pods */,
				D03B0F2894ED83D61808E381 /* Frameworks */,
			);
			sourceTree = "<group>";
		};
		FAE2FF881EE6FCCC0030778D /* Products */ = {
			isa = PBXGroup;
			children = (
				FAE2FF871EE6FCCC0030778D /* Project.app */,
			);
			name = Products;
			sourceTree = "<group>";
		};
		FAE2FF891EE6FCCC0030778D /* Project */ = {
			isa = PBXGroup;
			children = (
				FAE2FF8A1EE6FCCC0030778D /* AppDelegate.swift */,
				FA85FC9C1EE98D5900D2908D /* Interface */,
				FAE3F7E61EFA72D0004829AA /* ViewControllers */,
				FA85FC9D1EE98D7700D2908D /* TableViewCell */,
				FAE2FFA01EE950ED0030778D /* UIClasses */,
				FAE3F7E81EFA7362004829AA /* Structs */,
				FAE2FF911EE6FCCC0030778D /* Assets.xcassets */,
				FAE3F7E71EFA7343004829AA /* InfoDocs */,
			);
			path = Project;
			sourceTree = "<group>";
		};
		FAE2FFA01EE950ED0030778D /* UIClasses */ = {
			isa = PBXGroup;
			children = (
				FAE2FF9E1EE94ED50030778D /* Button.swift */,
				FA39B3271EE9F7760087058F /* TextView.swift */,
				FA9002C81EE96DAB003984BB /* NavigationBar.swift */,
				FAE2FFA11EE951240030778D /* Textfield.swift */,
			);
			name = UIClasses;
			sourceTree = "<group>";
		};
		FAE3F7E61EFA72D0004829AA /* ViewControllers */ = {
			isa = PBXGroup;
			children = (
				FAE2FF8C1EE6FCCC0030778D /* LogInViewController.swift */,
				FA85FCA41EE9910900D2908D /* MyPlacesViewController.swift */,
				FA0CB3521EF6AAF2004FD9B2 /* MapViewController.swift */,
				FA85FCA21EE990D300D2908D /* PlacesTableViewController.swift */,
				FA85FCAA1EE9930000D2908D /* CreatePlaceViewController.swift */,
				FA85FCA81EE991A800D2908D /* AddPlaceViewController.swift */,
				FA0CB3541EF6B8F3004FD9B2 /* SearchResultController.swift */,
			);
			name = ViewControllers;
			sourceTree = "<group>";
		};
		FAE3F7E71EFA7343004829AA /* InfoDocs */ = {
			isa = PBXGroup;
			children = (
				FAE3F7EB1EFAACC7004829AA /* GoogleService-Info.plist */,
				FAE2FF961EE6FCCC0030778D /* Info.plist */,
				FA2082B91EF01C8000EF514A /* Project.entitlements */,
			);
			name = InfoDocs;
			sourceTree = "<group>";
		};
		FAE3F7E81EFA7362004829AA /* Structs */ = {
			isa = PBXGroup;
			children = (
				FA2082BA1EF0256500EF514A /* Facebook.swift */,
				FA2082D11EF2FCD300EF514A /* UserItem.swift */,
				FA2082CD1EF2F63800EF514A /* PlaceItem.swift */,
				FA2082C91EF171A400EF514A /* JoiningUserItem.swift */,
			);
			name = Structs;
			sourceTree = "<group>";
		};
/* End PBXGroup section */

/* Begin PBXNativeTarget section */
		FAE2FF861EE6FCCC0030778D /* Project */ = {
			isa = PBXNativeTarget;
			buildConfigurationList = FAE2FF991EE6FCCC0030778D /* Build configuration list for PBXNativeTarget "Project" */;
			buildPhases = (
				62BF869E9FFCE3F7CB6ADB14 /* [CP] Check Pods Manifest.lock */,
				FAE2FF831EE6FCCC0030778D /* Sources */,
				FAE2FF841EE6FCCC0030778D /* Frameworks */,
				FAE2FF851EE6FCCC0030778D /* Resources */,
				5A0D9121FA7178099B3AB1B0 /* [CP] Embed Pods Frameworks */,
				DD65B7F0D204FC816EB35ADF /* [CP] Copy Pods Resources */,
			);
			buildRules = (
			);
			dependencies = (
			);
			name = Project;
			productName = Project;
			productReference = FAE2FF871EE6FCCC0030778D /* Project.app */;
			productType = "com.apple.product-type.application";
		};
/* End PBXNativeTarget section */

/* Begin PBXProject section */
		FAE2FF7F1EE6FCCC0030778D /* Project object */ = {
			isa = PBXProject;
			attributes = {
				LastSwiftUpdateCheck = 0830;
				LastUpgradeCheck = 0830;
				ORGANIZATIONNAME = "Alexander Rinne";
				TargetAttributes = {
					FAE2FF861EE6FCCC0030778D = {
						CreatedOnToolsVersion = 8.3.2;
						DevelopmentTeam = RF658R7Y87;
						ProvisioningStyle = Automatic;
						SystemCapabilities = {
							com.apple.Keychain = {
								enabled = 1;
							};
						};
					};
				};
			};
			buildConfigurationList = FAE2FF821EE6FCCC0030778D /* Build configuration list for PBXProject "Project" */;
			compatibilityVersion = "Xcode 3.2";
			developmentRegion = English;
			hasScannedForEncodings = 0;
			knownRegions = (
				en,
				Base,
			);
			mainGroup = FAE2FF7E1EE6FCCC0030778D;
			productRefGroup = FAE2FF881EE6FCCC0030778D /* Products */;
			projectDirPath = "";
			projectRoot = "";
			targets = (
				FAE2FF861EE6FCCC0030778D /* Project */,
			);
		};
/* End PBXProject section */

/* Begin PBXResourcesBuildPhase section */
		FAE2FF851EE6FCCC0030778D /* Resources */ = {
			isa = PBXResourcesBuildPhase;
			buildActionMask = 2147483647;
			files = (
				FAE3F7EC1EFAACC7004829AA /* GoogleService-Info.plist in Resources */,
				FAE2FF951EE6FCCC0030778D /* LaunchScreen.storyboard in Resources */,
				FAE2FF921EE6FCCC0030778D /* Assets.xcassets in Resources */,
				FAE2FF901EE6FCCC0030778D /* Main.storyboard in Resources */,
			);
			runOnlyForDeploymentPostprocessing = 0;
		};
/* End PBXResourcesBuildPhase section */

/* Begin PBXShellScriptBuildPhase section */
		5A0D9121FA7178099B3AB1B0 /* [CP] Embed Pods Frameworks */ = {
			isa = PBXShellScriptBuildPhase;
			buildActionMask = 2147483647;
			files = (
			);
			inputPaths = (
			);
			name = "[CP] Embed Pods Frameworks";
			outputPaths = (
			);
			runOnlyForDeploymentPostprocessing = 0;
			shellPath = /bin/sh;
			shellScript = "\"${SRCROOT}/Pods/Target Support Files/Pods-Project/Pods-Project-frameworks.sh\"\n";
			showEnvVarsInLog = 0;
		};
		62BF869E9FFCE3F7CB6ADB14 /* [CP] Check Pods Manifest.lock */ = {
			isa = PBXShellScriptBuildPhase;
			buildActionMask = 2147483647;
			files = (
			);
			inputPaths = (
			);
			name = "[CP] Check Pods Manifest.lock";
			outputPaths = (
			);
			runOnlyForDeploymentPostprocessing = 0;
			shellPath = /bin/sh;
			shellScript = "diff \"${PODS_ROOT}/../Podfile.lock\" \"${PODS_ROOT}/Manifest.lock\" > /dev/null\nif [ $? != 0 ] ; then\n    # print error to STDERR\n    echo \"error: The sandbox is not in sync with the Podfile.lock. Run 'pod install' or update your CocoaPods installation.\" >&2\n    exit 1\nfi\n";
			showEnvVarsInLog = 0;
		};
		DD65B7F0D204FC816EB35ADF /* [CP] Copy Pods Resources */ = {
			isa = PBXShellScriptBuildPhase;
			buildActionMask = 2147483647;
			files = (
			);
			inputPaths = (
			);
			name = "[CP] Copy Pods Resources";
			outputPaths = (
			);
			runOnlyForDeploymentPostprocessing = 0;
			shellPath = /bin/sh;
			shellScript = "\"${SRCROOT}/Pods/Target Support Files/Pods-Project/Pods-Project-resources.sh\"\n";
			showEnvVarsInLog = 0;
		};
/* End PBXShellScriptBuildPhase section */

/* Begin PBXSourcesBuildPhase section */
		FAE2FF831EE6FCCC0030778D /* Sources */ = {
			isa = PBXSourcesBuildPhase;
			buildActionMask = 2147483647;
			files = (
				FAE2FF8D1EE6FCCC0030778D /* LogInViewController.swift in Sources */,
				FA2082D21EF2FCD300EF514A /* UserItem.swift in Sources */,
				FA85FCA91EE991A800D2908D /* AddPlaceViewController.swift in Sources */,
				FA85FCA31EE990D300D2908D /* PlacesTableViewController.swift in Sources */,
				FA0CB3551EF6B8F3004FD9B2 /* SearchResultController.swift in Sources */,
				FA39B3281EE9F7760087058F /* TextView.swift in Sources */,
				FA85FCAD1EE9D65100D2908D /* JoiningUsersCell.swift in Sources */,
				FA85FCA51EE9910900D2908D /* MyPlacesViewController.swift in Sources */,
				FA0CB3531EF6AAF2004FD9B2 /* MapViewController.swift in Sources */,
				FAE2FF9F1EE94ED50030778D /* Button.swift in Sources */,
				FA2082CE1EF2F63800EF514A /* PlaceItem.swift in Sources */,
				FA2082BB1EF0256500EF514A /* Facebook.swift in Sources */,
				FA9002C91EE96DAB003984BB /* NavigationBar.swift in Sources */,
				FA85FCAB1EE9930000D2908D /* CreatePlaceViewController.swift in Sources */,
				FA85FCA71EE9915B00D2908D /* PlacesCell.swift in Sources */,
				FA85FC9F1EE98DC700D2908D /* AddedByMeCell.swift in Sources */,
				FA2082CA1EF171A400EF514A /* JoiningUserItem.swift in Sources */,
				FAE2FF8B1EE6FCCC0030778D /* AppDelegate.swift in Sources */,
				FAE2FFA21EE951240030778D /* Textfield.swift in Sources */,
				FA85FCA11EE98DFB00D2908D /* EventsIJoinCell.swift in Sources */,
			);
			runOnlyForDeploymentPostprocessing = 0;
		};
/* End PBXSourcesBuildPhase section */

/* Begin PBXVariantGroup section */
		FAE2FF8E1EE6FCCC0030778D /* Main.storyboard */ = {
			isa = PBXVariantGroup;
			children = (
				FAE2FF8F1EE6FCCC0030778D /* Base */,
			);
			name = Main.storyboard;
			sourceTree = "<group>";
		};
		FAE2FF931EE6FCCC0030778D /* LaunchScreen.storyboard */ = {
			isa = PBXVariantGroup;
			children = (
				FAE2FF941EE6FCCC0030778D /* Base */,
			);
			name = LaunchScreen.storyboard;
			sourceTree = "<group>";
		};
/* End PBXVariantGroup section */

/* Begin XCBuildConfiguration section */
		FAE2FF971EE6FCCC0030778D /* Debug */ = {
			isa = XCBuildConfiguration;
			buildSettings = {
				ALWAYS_SEARCH_USER_PATHS = NO;
				CLANG_ANALYZER_NONNULL = YES;
				CLANG_ANALYZER_NUMBER_OBJECT_CONVERSION = YES_AGGRESSIVE;
				CLANG_CXX_LANGUAGE_STANDARD = "gnu++0x";
				CLANG_CXX_LIBRARY = "libc++";
				CLANG_ENABLE_MODULES = YES;
				CLANG_ENABLE_OBJC_ARC = YES;
				CLANG_WARN_BOOL_CONVERSION = YES;
				CLANG_WARN_CONSTANT_CONVERSION = YES;
				CLANG_WARN_DIRECT_OBJC_ISA_USAGE = YES_ERROR;
				CLANG_WARN_DOCUMENTATION_COMMENTS = YES;
				CLANG_WARN_EMPTY_BODY = YES;
				CLANG_WARN_ENUM_CONVERSION = YES;
				CLANG_WARN_INFINITE_RECURSION = YES;
				CLANG_WARN_INT_CONVERSION = YES;
				CLANG_WARN_OBJC_ROOT_CLASS = YES_ERROR;
				CLANG_WARN_SUSPICIOUS_MOVE = YES;
				CLANG_WARN_UNREACHABLE_CODE = YES;
				CLANG_WARN__DUPLICATE_METHOD_MATCH = YES;
				"CODE_SIGN_IDENTITY[sdk=iphoneos*]" = "iPhone Developer";
				COPY_PHASE_STRIP = NO;
				DEBUG_INFORMATION_FORMAT = dwarf;
				ENABLE_STRICT_OBJC_MSGSEND = YES;
				ENABLE_TESTABILITY = YES;
				GCC_C_LANGUAGE_STANDARD = gnu99;
				GCC_DYNAMIC_NO_PIC = NO;
				GCC_NO_COMMON_BLOCKS = YES;
				GCC_OPTIMIZATION_LEVEL = 0;
				GCC_PREPROCESSOR_DEFINITIONS = (
					"DEBUG=1",
					"$(inherited)",
				);
				GCC_WARN_64_TO_32_BIT_CONVERSION = YES;
				GCC_WARN_ABOUT_RETURN_TYPE = YES_ERROR;
				GCC_WARN_UNDECLARED_SELECTOR = YES;
				GCC_WARN_UNINITIALIZED_AUTOS = YES_AGGRESSIVE;
				GCC_WARN_UNUSED_FUNCTION = YES;
				GCC_WARN_UNUSED_VARIABLE = YES;
				IPHONEOS_DEPLOYMENT_TARGET = 10.3;
				MTL_ENABLE_DEBUG_INFO = YES;
				ONLY_ACTIVE_ARCH = YES;
				SDKROOT = iphoneos;
				SWIFT_ACTIVE_COMPILATION_CONDITIONS = DEBUG;
				SWIFT_OPTIMIZATION_LEVEL = "-Onone";
				TARGETED_DEVICE_FAMILY = "1,2";
			};
			name = Debug;
		};
		FAE2FF981EE6FCCC0030778D /* Release */ = {
			isa = XCBuildConfiguration;
			buildSettings = {
				ALWAYS_SEARCH_USER_PATHS = NO;
				CLANG_ANALYZER_NONNULL = YES;
				CLANG_ANALYZER_NUMBER_OBJECT_CONVERSION = YES_AGGRESSIVE;
				CLANG_CXX_LANGUAGE_STANDARD = "gnu++0x";
				CLANG_CXX_LIBRARY = "libc++";
				CLANG_ENABLE_MODULES = YES;
				CLANG_ENABLE_OBJC_ARC = YES;
				CLANG_WARN_BOOL_CONVERSION = YES;
				CLANG_WARN_CONSTANT_CONVERSION = YES;
				CLANG_WARN_DIRECT_OBJC_ISA_USAGE = YES_ERROR;
				CLANG_WARN_DOCUMENTATION_COMMENTS = YES;
				CLANG_WARN_EMPTY_BODY = YES;
				CLANG_WARN_ENUM_CONVERSION = YES;
				CLANG_WARN_INFINITE_RECURSION = YES;
				CLANG_WARN_INT_CONVERSION = YES;
				CLANG_WARN_OBJC_ROOT_CLASS = YES_ERROR;
				CLANG_WARN_SUSPICIOUS_MOVE = YES;
				CLANG_WARN_UNREACHABLE_CODE = YES;
				CLANG_WARN__DUPLICATE_METHOD_MATCH = YES;
				"CODE_SIGN_IDENTITY[sdk=iphoneos*]" = "iPhone Developer";
				COPY_PHASE_STRIP = NO;
				DEBUG_INFORMATION_FORMAT = "dwarf-with-dsym";
				ENABLE_NS_ASSERTIONS = NO;
				ENABLE_STRICT_OBJC_MSGSEND = YES;
				GCC_C_LANGUAGE_STANDARD = gnu99;
				GCC_NO_COMMON_BLOCKS = YES;
				GCC_WARN_64_TO_32_BIT_CONVERSION = YES;
				GCC_WARN_ABOUT_RETURN_TYPE = YES_ERROR;
				GCC_WARN_UNDECLARED_SELECTOR = YES;
				GCC_WARN_UNINITIALIZED_AUTOS = YES_AGGRESSIVE;
				GCC_WARN_UNUSED_FUNCTION = YES;
				GCC_WARN_UNUSED_VARIABLE = YES;
				IPHONEOS_DEPLOYMENT_TARGET = 10.3;
				MTL_ENABLE_DEBUG_INFO = NO;
				SDKROOT = iphoneos;
				SWIFT_OPTIMIZATION_LEVEL = "-Owholemodule";
				TARGETED_DEVICE_FAMILY = "1,2";
				VALIDATE_PRODUCT = YES;
			};
			name = Release;
		};
		FAE2FF9A1EE6FCCC0030778D /* Debug */ = {
			isa = XCBuildConfiguration;
			baseConfigurationReference = 0B4EDE2FC7080490FD7E37CF /* Pods-Project.debug.xcconfig */;
			buildSettings = {
				ASSETCATALOG_COMPILER_APPICON_NAME = AppIcon;
				CODE_SIGN_ENTITLEMENTS = Project/Project.entitlements;
				DEVELOPMENT_TEAM = RF658R7Y87;
				INFOPLIST_FILE = Project/Info.plist;
				IPHONEOS_DEPLOYMENT_TARGET = 9.2;
				LD_RUNPATH_SEARCH_PATHS = "$(inherited) @executable_path/Frameworks";
				PRODUCT_BUNDLE_IDENTIFIER = nl.mprog.Project;
				PRODUCT_NAME = "$(TARGET_NAME)";
				SWIFT_VERSION = 3.0;
			};
			name = Debug;
		};
		FAE2FF9B1EE6FCCC0030778D /* Release */ = {
			isa = XCBuildConfiguration;
			baseConfigurationReference = 05A5469B1CC76EE3073C9D07 /* Pods-Project.release.xcconfig */;
			buildSettings = {
				ASSETCATALOG_COMPILER_APPICON_NAME = AppIcon;
				CODE_SIGN_ENTITLEMENTS = Project/Project.entitlements;
				DEVELOPMENT_TEAM = RF658R7Y87;
				INFOPLIST_FILE = Project/Info.plist;
				IPHONEOS_DEPLOYMENT_TARGET = 9.2;
				LD_RUNPATH_SEARCH_PATHS = "$(inherited) @executable_path/Frameworks";
				PRODUCT_BUNDLE_IDENTIFIER = nl.mprog.Project;
				PRODUCT_NAME = "$(TARGET_NAME)";
				SWIFT_VERSION = 3.0;
			};
			name = Release;
		};
/* End XCBuildConfiguration section */

/* Begin XCConfigurationList section */
		FAE2FF821EE6FCCC0030778D /* Build configuration list for PBXProject "Project" */ = {
			isa = XCConfigurationList;
			buildConfigurations = (
				FAE2FF971EE6FCCC0030778D /* Debug */,
				FAE2FF981EE6FCCC0030778D /* Release */,
			);
			defaultConfigurationIsVisible = 0;
			defaultConfigurationName = Release;
		};
		FAE2FF991EE6FCCC0030778D /* Build configuration list for PBXNativeTarget "Project" */ = {
			isa = XCConfigurationList;
			buildConfigurations = (
				FAE2FF9A1EE6FCCC0030778D /* Debug */,
				FAE2FF9B1EE6FCCC0030778D /* Release */,
			);
			defaultConfigurationIsVisible = 0;
			defaultConfigurationName = Release;
		};
/* End XCConfigurationList section */
	};
	rootObject = FAE2FF7F1EE6FCCC0030778D /* Project object */;
}
